
Microsoft Visual Studio Solution File, Format Version 12.00
# Visual Studio 15
VisualStudioVersion = 15.0.28307.1684
MinimumVisualStudioVersion = 10.0.40219.1
Project("{8BC9CEB8-8B4A-11D0-8D11-00A0C91BC942}") = "ch6", "ch6\ch6.vcxproj", "{23F0FB5C-387C-417A-A5A5-F4A64E75CCC3}"
EndProject
Global
	GlobalSection(SolutionConfigurationPlatforms) = preSolution
		Debug|x64 = Debug|x64
		Debug|x86 = Debug|x86
		Release|x64 = Release|x64
		Release|x86 = Release|x86
	EndGlobalSection
	GlobalSection(ProjectConfigurationPlatforms) = postSolution
		{23F0FB5C-387C-417A-A5A5-F4A64E75CCC3}.Debug|x64.ActiveCfg = Debug|x64
		{23F0FB5C-387C-417A-A5A5-F4A64E75CCC3}.Debug|x64.Build.0 = Debug|x64
		{23F0FB5C-387C-417A-A5A5-F4A64E75CCC3}.Debug|x86.ActiveCfg = Debug|Win32
		{23F0FB5C-387C-417A-A5A5-F4A64E75CCC3}.Debug|x86.Build.0 = Debug|Win32
		{23F0FB5C-387C-417A-A5A5-F4A64E75CCC3}.Release|x64.ActiveCfg = Release|x64
		{23F0FB5C-387C-417A-A5A5-F4A64E75CCC3}.Release|x64.Build.0 = Release|x64
		{23F0FB5C-387C-417A-A5A5-F4A64E75CCC3}.Release|x86.ActiveCfg = Release|Win32
		{23F0FB5C-387C-417A-A5A5-F4A64E75CCC3}.Release|x86.Build.0 = Release|Win32
	EndGlobalSection
	GlobalSection(SolutionProperties) = preSolution
		HideSolutionNode = FALSE
	EndGlobalSection
	GlobalSection(ExtensibilityGlobals) = postSolution
		SolutionGuid = {E243EEC1-6DCC-426A-A755-61B6A43B9A35}
	EndGlobalSection
EndGlobal
